# This file is autogenerated, do not edit; changes may be undone by the next 'dep ensure'.


[[projects]]
  branch = "master"
  digest = "1:0a48cb9c2757781932550a45ad11dd497722d4018a28077de65674aec7eee90e"
  name = "github.com/hashicorp/go-syslog"
  packages = ["."]
  pruneopts = "UT"
  revision = "8d1874e3e8d1862b74e0536851e218c4571066a5"

[[projects]]
  digest = "1:380d66115ab180714aae0d7c81878812ca8b8fa99baed3e40d0737d7c9df1b7f"
  name = "github.com/jedisct1/dlog"
  packages = ["."]
  pruneopts = "UT"
  revision = "794eb21b6ae843fbfb3aa9f2d9c3a8c21fe1ebcc"
  version = "0.4"

[[projects]]
  branch = "master"
  digest = "1:0709bc182dee5d5aaa2e7c3faaed3458187f4ace5cb1e24b2b76d43a712e22c3"
  name = "golang.org/x/sys"
  packages = [
    "windows",
    "windows/registry",
    "windows/svc/eventlog",
  ]
  pruneopts = "UT"
  revision = "11f53e03133963fb11ae0588e08b5e0b85be8be5"

[solve-meta]
  analyzer-name = "dep"
  analyzer-version = 1
  input-imports = ["github.com/jedisct1/dlog"]
  solver-name = "gps-cdcl"
  solver-version = 1
